// !$*UTF8*$!
{
	archiveVersion = 1;
	classes = {
	};
	objectVersion = 77;
	objects = {

/* Begin PBXContainerItemProxy section */
		6D6531AB2CF11DCA0059272F /* PBXContainerItemProxy */ = {
			isa = PBXContainerItemProxy;
			containerPortal = 6D6531922CF11DC70059272F /* Project object */;
			proxyType = 1;
			remoteGlobalIDString = 6D6531992CF11DC70059272F;
			remoteInfo = Brewly;
		};
		6D6531B52CF11DCA0059272F /* PBXContainerItemProxy */ = {
			isa = PBXContainerItemProxy;
			containerPortal = 6D6531922CF11DC70059272F /* Project object */;
			proxyType = 1;
			remoteGlobalIDString = 6D6531992CF11DC70059272F;
			remoteInfo = Brewly;
		};
/* End PBXContainerItemProxy section */

/* Begin PBXFileReference section */
		6D65319A2CF11DC70059272F /* BuchaLab.app */ = {isa = PBXFileReference; explicitFileType = wrapper.application; includeInIndex = 0; path = BuchaLab.app; sourceTree = BUILT_PRODUCTS_DIR; };
		6D6531AA2CF11DCA0059272F /* BuchaLabTests.xctest */ = {isa = PBXFileReference; explicitFileType = wrapper.cfbundle; includeInIndex = 0; path = BuchaLabTests.xctest; sourceTree = BUILT_PRODUCTS_DIR; };
		6D6531B42CF11DCA0059272F /* BuchaLabUITests.xctest */ = {isa = PBXFileReference; explicitFileType = wrapper.cfbundle; includeInIndex = 0; path = BuchaLabUITests.xctest; sourceTree = BUILT_PRODUCTS_DIR; };
/* End PBXFileReference section */

/* Begin PBXFileSystemSynchronizedRootGroup section */
		6D65319C2CF11DC70059272F /* BuchaLab */ = {
			isa = PBXFileSystemSynchronizedRootGroup;
			path = BuchaLab;
			sourceTree = "<group>";
		};
		6D6531AD2CF11DCA0059272F /* BuchaLabTests */ = {
			isa = PBXFileSystemSynchronizedRootGroup;
			path = BuchaLabTests;
			sourceTree = "<group>";
		};
		6D6531B72CF11DCA0059272F /* BuchaLabUITests */ = {
			isa = PBXFileSystemSynchronizedRootGroup;
			path = BuchaLabUITests;
			sourceTree = "<group>";
		};
/* End PBXFileSystemSynchronizedRootGroup section */

/* Begin PBXFrameworksBuildPhase section */
		6D6531972CF11DC70059272F /* Frameworks */ = {
			isa = PBXFrameworksBuildPhase;
			buildActionMask = 2147483647;
			files = (
			);
			runOnlyForDeploymentPostprocessing = 0;
		};
		6D6531A72CF11DCA0059272F /* Frameworks */ = {
			isa = PBXFrameworksBuildPhase;
			buildActionMask = 2147483647;
			files = (
			);
			runOnlyForDeploymentPostprocessing = 0;
		};
		6D6531B12CF11DCA0059272F /* Frameworks */ = {
			isa = PBXFrameworksBuildPhase;
			buildActionMask = 2147483647;
			files = (
			);
			runOnlyForDeploymentPostprocessing = 0;
		};
/* End PBXFrameworksBuildPhase section */

/* Begin PBXGroup section */
		6D6531912CF11DC70059272F = {
			isa = PBXGroup;
			children = (
				6D65319C2CF11DC70059272F /* BuchaLab */,
				6D6531AD2CF11DCA0059272F /* BuchaLabTests */,
				6D6531B72CF11DCA0059272F /* BuchaLabUITests */,
				6D65319B2CF11DC70059272F /* Products */,
			);
			sourceTree = "<group>";
		};
		6D65319B2CF11DC70059272F /* Products */ = {
			isa = PBXGroup;
			children = (
				6D65319A2CF11DC70059272F /* BuchaLab.app */,
				6D6531AA2CF11DCA0059272F /* BuchaLabTests.xctest */,
				6D6531B42CF11DCA0059272F /* BuchaLabUITests.xctest */,
			);
			name = Products;
			sourceTree = "<group>";
		};
/* End PBXGroup section */

/* Begin PBXNativeTarget section */
		6D6531992CF11DC70059272F /* BuchaLab */ = {
			isa = PBXNativeTarget;
			buildConfigurationList = 6D6531BE2CF11DCA0059272F /* Build configuration list for PBXNativeTarget "BuchaLab" */;
			buildPhases = (
				6D6531962CF11DC70059272F /* Sources */,
				6D6531972CF11DC70059272F /* Frameworks */,
				6D6531982CF11DC70059272F /* Resources */,
			);
			buildRules = (
			);
			dependencies = (
			);
			fileSystemSynchronizedGroups = (
				6D65319C2CF11DC70059272F /* BuchaLab */,
			);
			name = BuchaLab;
			packageProductDependencies = (
			);
			productName = Brewly;
			productReference = 6D65319A2CF11DC70059272F /* BuchaLab.app */;
			productType = "com.apple.product-type.application";
		};
		6D6531A92CF11DCA0059272F /* BuchaLabTests */ = {
			isa = PBXNativeTarget;
			buildConfigurationList = 6D6531C12CF11DCA0059272F /* Build configuration list for PBXNativeTarget "BuchaLabTests" */;
			buildPhases = (
				6D6531A62CF11DCA0059272F /* Sources */,
				6D6531A72CF11DCA0059272F /* Frameworks */,
				6D6531A82CF11DCA0059272F /* Resources */,
			);
			buildRules = (
			);
			dependencies = (
				6D6531AC2CF11DCA0059272F /* PBXTargetDependency */,
			);
			fileSystemSynchronizedGroups = (
				6D6531AD2CF11DCA0059272F /* BuchaLabTests */,
			);
			name = BuchaLabTests;
			packageProductDependencies = (
			);
			productName = BrewlyTests;
			productReference = 6D6531AA2CF11DCA0059272F /* BuchaLabTests.xctest */;
			productType = "com.apple.product-type.bundle.unit-test";
		};
		6D6531B32CF11DCA0059272F /* BuchaLabUITests */ = {
			isa = PBXNativeTarget;
			buildConfigurationList = 6D6531C42CF11DCA0059272F /* Build configuration list for PBXNativeTarget "BuchaLabUITests" */;
			buildPhases = (
				6D6531B02CF11DCA0059272F /* Sources */,
				6D6531B12CF11DCA0059272F /* Frameworks */,
				6D6531B22CF11DCA0059272F /* Resources */,
			);
			buildRules = (
			);
			dependencies = (
				6D6531B62CF11DCA0059272F /* PBXTargetDependency */,
			);
			fileSystemSynchronizedGroups = (
				6D6531B72CF11DCA0059272F /* BuchaLabUITests */,
			);
			name = BuchaLabUITests;
			packageProductDependencies = (
			);
			productName = BrewlyUITests;
			productReference = 6D6531B42CF11DCA0059272F /* BuchaLabUITests.xctest */;
			productType = "com.apple.product-type.bundle.ui-testing";
		};
/* End PBXNativeTarget section */

/* Begin PBXProject section */
		6D6531922CF11DC70059272F /* Project object */ = {
			isa = PBXProject;
			attributes = {
				BuildIndependentTargetsInParallel = 1;
				LastSwiftUpdateCheck = 1610;
				LastUpgradeCheck = 1610;
				TargetAttributes = {
					6D6531992CF11DC70059272F = {
						CreatedOnToolsVersion = 16.1;
					};
					6D6531A92CF11DCA0059272F = {
						CreatedOnToolsVersion = 16.1;
						TestTargetID = 6D6531992CF11DC70059272F;
					};
					6D6531B32CF11DCA0059272F = {
						CreatedOnToolsVersion = 16.1;
						TestTargetID = 6D6531992CF11DC70059272F;
					};
				};
			};
			buildConfigurationList = 6D6531952CF11DC70059272F /* Build configuration list for PBXProject "BuchaLab" */;
			developmentRegion = en;
			hasScannedForEncodings = 0;
			knownRegions = (
				en,
				Base,
			);
			mainGroup = 6D6531912CF11DC70059272F;
			minimizedProjectReferenceProxies = 1;
			preferredProjectObjectVersion = 77;
			productRefGroup = 6D65319B2CF11DC70059272F /* Products */;
			projectDirPath = "";
			projectRoot = "";
			targets = (
				6D6531992CF11DC70059272F /* BuchaLab */,
				6D6531A92CF11DCA0059272F /* BuchaLabTests */,
				6D6531B32CF11DCA0059272F /* BuchaLabUITests */,
			);
		};
/* End PBXProject section */

/* Begin PBXResourcesBuildPhase section */
		6D6531982CF11DC70059272F /* Resources */ = {
			isa = PBXResourcesBuildPhase;
			buildActionMask = 2147483647;
			files = (
			);
			runOnlyForDeploymentPostprocessing = 0;
		};
		6D6531A82CF11DCA0059272F /* Resources */ = {
			isa = PBXResourcesBuildPhase;
			buildActionMask = 2147483647;
			files = (
			);
			runOnlyForDeploymentPostprocessing = 0;
		};
		6D6531B22CF11DCA0059272F /* Resources */ = {
			isa = PBXResourcesBuildPhase;
			buildActionMask = 2147483647;
			files = (
			);
			runOnlyForDeploymentPostprocessing = 0;
		};
/* End PBXResourcesBuildPhase section */

/* Begin PBXSourcesBuildPhase section */
		6D6531962CF11DC70059272F /* Sources */ = {
			isa = PBXSourcesBuildPhase;
			buildActionMask = 2147483647;
			files = (
			);
			runOnlyForDeploymentPostprocessing = 0;
		};
		6D6531A62CF11DCA0059272F /* Sources */ = {
			isa = PBXSourcesBuildPhase;
			buildActionMask = 2147483647;
			files = (
			);
			runOnlyForDeploymentPostprocessing = 0;
		};
		6D6531B02CF11DCA0059272F /* Sources */ = {
			isa = PBXSourcesBuildPhase;
			buildActionMask = 2147483647;
			files = (
			);
			runOnlyForDeploymentPostprocessing = 0;
		};
/* End PBXSourcesBuildPhase section */

/* Begin PBXTargetDependency section */
		6D6531AC2CF11DCA0059272F /* PBXTargetDependency */ = {
			isa = PBXTargetDependency;
			target = 6D6531992CF11DC70059272F /* BuchaLab */;
			targetProxy = 6D6531AB2CF11DCA0059272F /* PBXContainerItemProxy */;
		};
		6D6531B62CF11DCA0059272F /* PBXTargetDependency */ = {
			isa = PBXTargetDependency;
			target = 6D6531992CF11DC70059272F /* BuchaLab */;
			targetProxy = 6D6531B52CF11DCA0059272F /* PBXContainerItemProxy */;
		};
/* End PBXTargetDependency section */

/* Begin XCBuildConfiguration section */
		6D6531BC2CF11DCA0059272F /* Debug */ = {
			isa = XCBuildConfiguration;
			buildSettings = {
				ALWAYS_SEARCH_USER_PATHS = NO;
				ASSETCATALOG_COMPILER_GENERATE_SWIFT_ASSET_SYMBOL_EXTENSIONS = YES;
				CLANG_ANALYZER_NONNULL = YES;
				CLANG_ANALYZER_NUMBER_OBJECT_CONVERSION = YES_AGGRESSIVE;
				CLANG_CXX_LANGUAGE_STANDARD = "gnu++20";
				CLANG_ENABLE_MODULES = YES;
				CLANG_ENABLE_OBJC_ARC = YES;
				CLANG_ENABLE_OBJC_WEAK = YES;
				CLANG_WARN_BLOCK_CAPTURE_AUTORELEASING = YES;
				CLANG_WARN_BOOL_CONVERSION = YES;
				CLANG_WARN_COMMA = YES;
				CLANG_WARN_CONSTANT_CONVERSION = YES;
				CLANG_WARN_DEPRECATED_OBJC_IMPLEMENTATIONS = YES;
				CLANG_WARN_DIRECT_OBJC_ISA_USAGE = YES_ERROR;
				CLANG_WARN_DOCUMENTATION_COMMENTS = YES;
				CLANG_WARN_EMPTY_BODY = YES;
				CLANG_WARN_ENUM_CONVERSION = YES;
				CLANG_WARN_INFINITE_RECURSION = YES;
				CLANG_WARN_INT_CONVERSION = YES;
				CLANG_WARN_NON_LITERAL_NULL_CONVERSION = YES;
				CLANG_WARN_OBJC_IMPLICIT_RETAIN_SELF = YES;
				CLANG_WARN_OBJC_LITERAL_CONVERSION = YES;
				CLANG_WARN_OBJC_ROOT_CLASS = YES_ERROR;
				CLANG_WARN_QUOTED_INCLUDE_IN_FRAMEWORK_HEADER = YES;
				CLANG_WARN_RANGE_LOOP_ANALYSIS = YES;
				CLANG_WARN_STRICT_PROTOTYPES = YES;
				CLANG_WARN_SUSPICIOUS_MOVE = YES;
				CLANG_WARN_UNGUARDED_AVAILABILITY = YES_AGGRESSIVE;
				CLANG_WARN_UNREACHABLE_CODE = YES;
				CLANG_WARN__DUPLICATE_METHOD_MATCH = YES;
				COPY_PHASE_STRIP = NO;
				DEBUG_INFORMATION_FORMAT = dwarf;
				ENABLE_STRICT_OBJC_MSGSEND = YES;
				ENABLE_TESTABILITY = YES;
				ENABLE_USER_SCRIPT_SANDBOXING = YES;
				GCC_C_LANGUAGE_STANDARD = gnu17;
				GCC_DYNAMIC_NO_PIC = NO;
				GCC_NO_COMMON_BLOCKS = YES;
				GCC_OPTIMIZATION_LEVEL = 0;
				GCC_PREPROCESSOR_DEFINITIONS = (
					"DEBUG=1",
					"$(inherited)",
				);
				GCC_WARN_64_TO_32_BIT_CONVERSION = YES;
				GCC_WARN_ABOUT_RETURN_TYPE = YES_ERROR;
				GCC_WARN_UNDECLARED_SELECTOR = YES;
				GCC_WARN_UNINITIALIZED_AUTOS = YES_AGGRESSIVE;
				GCC_WARN_UNUSED_FUNCTION = YES;
				GCC_WARN_UNUSED_VARIABLE = YES;
				IPHONEOS_DEPLOYMENT_TARGET = 18.1;
				LOCALIZATION_PREFERS_STRING_CATALOGS = YES;
				MTL_ENABLE_DEBUG_INFO = INCLUDE_SOURCE;
				MTL_FAST_MATH = YES;
				ONLY_ACTIVE_ARCH = YES;
				SDKROOT = iphoneos;
				SWIFT_ACTIVE_COMPILATION_CONDITIONS = "DEBUG $(inherited)";
				SWIFT_OPTIMIZATION_LEVEL = "-Onone";
			};
			name = Debug;
		};
		6D6531BD2CF11DCA0059272F /* Release */ = {
			isa = XCBuildConfiguration;
			buildSettings = {
				ALWAYS_SEARCH_USER_PATHS = NO;
				ASSETCATALOG_COMPILER_GENERATE_SWIFT_ASSET_SYMBOL_EXTENSIONS = YES;
				CLANG_ANALYZER_NONNULL = YES;
				CLANG_ANALYZER_NUMBER_OBJECT_CONVERSION = YES_AGGRESSIVE;
				CLANG_CXX_LANGUAGE_STANDARD = "gnu++20";
				CLANG_ENABLE_MODULES = YES;
				CLANG_ENABLE_OBJC_ARC = YES;
				CLANG_ENABLE_OBJC_WEAK = YES;
				CLANG_WARN_BLOCK_CAPTURE_AUTORELEASING = YES;
				CLANG_WARN_BOOL_CONVERSION = YES;
				CLANG_WARN_COMMA = YES;
				CLANG_WARN_CONSTANT_CONVERSION = YES;
				CLANG_WARN_DEPRECATED_OBJC_IMPLEMENTATIONS = YES;
				CLANG_WARN_DIRECT_OBJC_ISA_USAGE = YES_ERROR;
				CLANG_WARN_DOCUMENTATION_COMMENTS = YES;
				CLANG_WARN_EMPTY_BODY = YES;
				CLANG_WARN_ENUM_CONVERSION = YES;
				CLANG_WARN_INFINITE_RECURSION = YES;
				CLANG_WARN_INT_CONVERSION = YES;
				CLANG_WARN_NON_LITERAL_NULL_CONVERSION = YES;
				CLANG_WARN_OBJC_IMPLICIT_RETAIN_SELF = YES;
				CLANG_WARN_OBJC_LITERAL_CONVERSION = YES;
				CLANG_WARN_OBJC_ROOT_CLASS = YES_ERROR;
				CLANG_WARN_QUOTED_INCLUDE_IN_FRAMEWORK_HEADER = YES;
				CLANG_WARN_RANGE_LOOP_ANALYSIS = YES;
				CLANG_WARN_STRICT_PROTOTYPES = YES;
				CLANG_WARN_SUSPICIOUS_MOVE = YES;
				CLANG_WARN_UNGUARDED_AVAILABILITY = YES_AGGRESSIVE;
				CLANG_WARN_UNREACHABLE_CODE = YES;
				CLANG_WARN__DUPLICATE_METHOD_MATCH = YES;
				COPY_PHASE_STRIP = NO;
				DEBUG_INFORMATION_FORMAT = "dwarf-with-dsym";
				ENABLE_NS_ASSERTIONS = NO;
				ENABLE_STRICT_OBJC_MSGSEND = YES;
				ENABLE_USER_SCRIPT_SANDBOXING = YES;
				GCC_C_LANGUAGE_STANDARD = gnu17;
				GCC_NO_COMMON_BLOCKS = YES;
				GCC_WARN_64_TO_32_BIT_CONVERSION = YES;
				GCC_WARN_ABOUT_RETURN_TYPE = YES_ERROR;
				GCC_WARN_UNDECLARED_SELECTOR = YES;
				GCC_WARN_UNINITIALIZED_AUTOS = YES_AGGRESSIVE;
				GCC_WARN_UNUSED_FUNCTION = YES;
				GCC_WARN_UNUSED_VARIABLE = YES;
				IPHONEOS_DEPLOYMENT_TARGET = 18.1;
				LOCALIZATION_PREFERS_STRING_CATALOGS = YES;
				MTL_ENABLE_DEBUG_INFO = NO;
				MTL_FAST_MATH = YES;
				SDKROOT = iphoneos;
				SWIFT_COMPILATION_MODE = wholemodule;
				VALIDATE_PRODUCT = YES;
			};
			name = Release;
		};
		6D6531BF2CF11DCA0059272F /* Debug */ = {
			isa = XCBuildConfiguration;
			buildSettings = {
				ASSETCATALOG_COMPILER_APPICON_NAME = AppIcon;
				ASSETCATALOG_COMPILER_GLOBAL_ACCENT_COLOR_NAME = AccentColor;
				CODE_SIGN_STYLE = Automatic;
				CURRENT_PROJECT_VERSION = 1;
				DEVELOPMENT_ASSET_PATHS = "\"BuchaLab/Preview Content\"";
				DEVELOPMENT_TEAM = YDBLTKHK3M;
				ENABLE_PREVIEWS = YES;
				GENERATE_INFOPLIST_FILE = YES;
				INFOPLIST_KEY_UIApplicationSceneManifest_Generation = YES;
				INFOPLIST_KEY_UIApplicationSupportsIndirectInputEvents = YES;
				INFOPLIST_KEY_UILaunchScreen_Generation = YES;
				INFOPLIST_KEY_UISupportedInterfaceOrientations_iPad = "UIInterfaceOrientationPortrait UIInterfaceOrientationPortraitUpsideDown UIInterfaceOrientationLandscapeLeft UIInterfaceOrientationLandscapeRight";
				INFOPLIST_KEY_UISupportedInterfaceOrientations_iPhone = "UIInterfaceOrientationPortrait UIInterfaceOrientationLandscapeLeft UIInterfaceOrientationLandscapeRight";
				LD_RUNPATH_SEARCH_PATHS = (
					"$(inherited)",
					"@executable_path/Frameworks",
				);
				MARKETING_VERSION = 1.0;
				PRODUCT_BUNDLE_IDENTIFIER = com.MarkConley.Brewly;
				PRODUCT_NAME = "$(TARGET_NAME)";
				SWIFT_EMIT_LOC_STRINGS = YES;
				SWIFT_VERSION = 5.0;
				TARGETED_DEVICE_FAMILY = 1;
			};
			name = Debug;
		};
		6D6531C02CF11DCA0059272F /* Release */ = {
			isa = XCBuildConfiguration;
			buildSettings = {
				ASSETCATALOG_COMPILER_APPICON_NAME = AppIcon;
				ASSETCATALOG_COMPILER_GLOBAL_ACCENT_COLOR_NAME = AccentColor;
				CODE_SIGN_STYLE = Automatic;
				CURRENT_PROJECT_VERSION = 1;
				DEVELOPMENT_ASSET_PATHS = "\"BuchaLab/Preview Content\"";
				DEVELOPMENT_TEAM = YDBLTKHK3M;
				ENABLE_PREVIEWS = YES;
				GENERATE_INFOPLIST_FILE = YES;
				INFOPLIST_KEY_UIApplicationSceneManifest_Generation = YES;
				INFOPLIST_KEY_UIApplicationSupportsIndirectInputEvents = YES;
				INFOPLIST_KEY_UILaunchScreen_Generation = YES;
				INFOPLIST_KEY_UISupportedInterfaceOrientations_iPad = "UIInterfaceOrientationPortrait UIInterfaceOrientationPortraitUpsideDown UIInterfaceOrientationLandscapeLeft UIInterfaceOrientationLandscapeRight";
				INFOPLIST_KEY_UISupportedInterfaceOrientations_iPhone = "UIInterfaceOrientationPortrait UIInterfaceOrientationLandscapeLeft UIInterfaceOrientationLandscapeRight";
				LD_RUNPATH_SEARCH_PATHS = (
					"$(inherited)",
					"@executable_path/Frameworks",
				);
				MARKETING_VERSION = 1.0;
				PRODUCT_BUNDLE_IDENTIFIER = com.MarkConley.Brewly;
				PRODUCT_NAME = "$(TARGET_NAME)";
				SWIFT_EMIT_LOC_STRINGS = YES;
				SWIFT_VERSION = 5.0;
				TARGETED_DEVICE_FAMILY = 1;
			};
			name = Release;
		};
		6D6531C22CF11DCA0059272F /* Debug */ = {
			isa = XCBuildConfiguration;
			buildSettings = {
				BUNDLE_LOADER = "$(TEST_HOST)";
				CODE_SIGN_STYLE = Automatic;
				CURRENT_PROJECT_VERSION = 1;
				DEVELOPMENT_TEAM = YDBLTKHK3M;
				GENERATE_INFOPLIST_FILE = YES;
				IPHONEOS_DEPLOYMENT_TARGET = 18.1;
				MARKETING_VERSION = 1.0;
				PRODUCT_BUNDLE_IDENTIFIER = com.MarkConley.BrewlyTests;
				PRODUCT_NAME = "$(TARGET_NAME)";
				SWIFT_EMIT_LOC_STRINGS = NO;
				SWIFT_VERSION = 5.0;
				TARGETED_DEVICE_FAMILY = "1,2";
				TEST_HOST = "$(BUILT_PRODUCTS_DIR)/BuchaLab.app/$(BUNDLE_EXECUTABLE_FOLDER_PATH)/BuchaLab";
			};
			name = Debug;
		};
		6D6531C32CF11DCA0059272F /* Release */ = {
			isa = XCBuildConfiguration;
			buildSettings = {
				BUNDLE_LOADER = "$(TEST_HOST)";
				CODE_SIGN_STYLE = Automatic;
				CURRENT_PROJECT_VERSION = 1;
				DEVELOPMENT_TEAM = YDBLTKHK3M;
				GENERATE_INFOPLIST_FILE = YES;
				IPHONEOS_DEPLOYMENT_TARGET = 18.1;
				MARKETING_VERSION = 1.0;
				PRODUCT_BUNDLE_IDENTIFIER = com.MarkConley.BrewlyTests;
				PRODUCT_NAME = "$(TARGET_NAME)";
				SWIFT_EMIT_LOC_STRINGS = NO;
				SWIFT_VERSION = 5.0;
				TARGETED_DEVICE_FAMILY = "1,2";
				TEST_HOST = "$(BUILT_PRODUCTS_DIR)/BuchaLab.app/$(BUNDLE_EXECUTABLE_FOLDER_PATH)/BuchaLab";
			};
			name = Release;
		};
		6D6531C52CF11DCA0059272F /* Debug */ = {
			isa = XCBuildConfiguration;
			buildSettings = {
				CODE_SIGN_STYLE = Automatic;
				CURRENT_PROJECT_VERSION = 1;
				DEVELOPMENT_TEAM = YDBLTKHK3M;
				GENERATE_INFOPLIST_FILE = YES;
				MARKETING_VERSION = 1.0;
				PRODUCT_BUNDLE_IDENTIFIER = com.MarkConley.BrewlyUITests;
				PRODUCT_NAME = "$(TARGET_NAME)";
				SWIFT_EMIT_LOC_STRINGS = NO;
				SWIFT_VERSION = 5.0;
				TARGETED_DEVICE_FAMILY = "1,2";
				TEST_TARGET_NAME = Brewly;
			};
			name = Debug;
		};
		6D6531C62CF11DCA0059272F /* Release */ = {
			isa = XCBuildConfiguration;
			buildSettings = {
				CODE_SIGN_STYLE = Automatic;
				CURRENT_PROJECT_VERSION = 1;
				DEVELOPMENT_TEAM = YDBLTKHK3M;
				GENERATE_INFOPLIST_FILE = YES;
				MARKETING_VERSION = 1.0;
				PRODUCT_BUNDLE_IDENTIFIER = com.MarkConley.BrewlyUITests;
				PRODUCT_NAME = "$(TARGET_NAME)";
				SWIFT_EMIT_LOC_STRINGS = NO;
				SWIFT_VERSION = 5.0;
				TARGETED_DEVICE_FAMILY = "1,2";
				TEST_TARGET_NAME = Brewly;
			};
			name = Release;
		};
/* End XCBuildConfiguration section */

/* Begin XCConfigurationList section */
		6D6531952CF11DC70059272F /* Build configuration list for PBXProject "BuchaLab" */ = {
			isa = XCConfigurationList;
			buildConfigurations = (
				6D6531BC2CF11DCA0059272F /* Debug */,
				6D6531BD2CF11DCA0059272F /* Release */,
			);
			defaultConfigurationIsVisible = 0;
			defaultConfigurationName = Release;
		};
		6D6531BE2CF11DCA0059272F /* Build configuration list for PBXNativeTarget "BuchaLab" */ = {
			isa = XCConfigurationList;
			buildConfigurations = (
				6D6531BF2CF11DCA0059272F /* Debug */,
				6D6531C02CF11DCA0059272F /* Release */,
			);
			defaultConfigurationIsVisible = 0;
			defaultConfigurationName = Release;
		};
		6D6531C12CF11DCA0059272F /* Build configuration list for PBXNativeTarget "BuchaLabTests" */ = {
			isa = XCConfigurationList;
			buildConfigurations = (
				6D6531C22CF11DCA0059272F /* Debug */,
				6D6531C32CF11DCA0059272F /* Release */,
			);
			defaultConfigurationIsVisible = 0;
			defaultConfigurationName = Release;
		};
		6D6531C42CF11DCA0059272F /* Build configuration list for PBXNativeTarget "BuchaLabUITests" */ = {
			isa = XCConfigurationList;
			buildConfigurations = (
				6D6531C52CF11DCA0059272F /* Debug */,
				6D6531C62CF11DCA0059272F /* Release */,
			);
			defaultConfigurationIsVisible = 0;
			defaultConfigurationName = Release;
		};
/* End XCConfigurationList section */
	};
	rootObject = 6D6531922CF11DC70059272F /* Project object */;
}
